
Microsoft Visual Studio Solution File, Format Version 12.00
# Visual Studio Version 17
VisualStudioVersion = 17.9.34723.18
MinimumVisualStudioVersion = 10.0.40219.1
Project("{9A19103F-16F7-4668-BE54-9A1E7A4F7556}") = "ContosoPizza", "Entity_Framework_Core_for_Beginners\ContosoPizza.csproj", "{AC6F36F7-A947-4E79-811C-EC795B4421D8}"
EndProject
Project("{FAE04EC0-301F-11D3-BF4B-00C04F79EFBC}") = "ExisitingDataBaseToCode", "ExisitingDataBaseToCode\ExisitingDataBaseToCode.csproj", "{52065B90-D8AA-4D43-AC4F-D768B0ADF7C8}"
EndProject
Project("{FAE04EC0-301F-11D3-BF4B-00C04F79EFBC}") = "ExisitingDB3API", "ExisitingDB3API\ExisitingDB3API.csproj", "{5AB67DC5-8BA4-45D2-A07F-C074CF9CB2A3}"
EndProject
Global
	GlobalSection(SolutionConfigurationPlatforms) = preSolution
		Debug|Any CPU = Debug|Any CPU
		Release|Any CPU = Release|Any CPU
	EndGlobalSection
	GlobalSection(ProjectConfigurationPlatforms) = postSolution
		{AC6F36F7-A947-4E79-811C-EC795B4421D8}.Debug|Any CPU.ActiveCfg = Debug|Any CPU
		{AC6F36F7-A947-4E79-811C-EC795B4421D8}.Debug|Any CPU.Build.0 = Debug|Any CPU
		{AC6F36F7-A947-4E79-811C-EC795B4421D8}.Release|Any CPU.ActiveCfg = Release|Any CPU
		{AC6F36F7-A947-4E79-811C-EC795B4421D8}.Release|Any CPU.Build.0 = Release|Any CPU
		{52065B90-D8AA-4D43-AC4F-D768B0ADF7C8}.Debug|Any CPU.ActiveCfg = Debug|Any CPU
		{52065B90-D8AA-4D43-AC4F-D768B0ADF7C8}.Debug|Any CPU.Build.0 = Debug|Any CPU
		{52065B90-D8AA-4D43-AC4F-D768B0ADF7C8}.Release|Any CPU.ActiveCfg = Release|Any CPU
		{52065B90-D8AA-4D43-AC4F-D768B0ADF7C8}.Release|Any CPU.Build.0 = Release|Any CPU
		{5AB67DC5-8BA4-45D2-A07F-C074CF9CB2A3}.Debug|Any CPU.ActiveCfg = Debug|Any CPU
		{5AB67DC5-8BA4-45D2-A07F-C074CF9CB2A3}.Debug|Any CPU.Build.0 = Debug|Any CPU
		{5AB67DC5-8BA4-45D2-A07F-C074CF9CB2A3}.Release|Any CPU.ActiveCfg = Release|Any CPU
		{5AB67DC5-8BA4-45D2-A07F-C074CF9CB2A3}.Release|Any CPU.Build.0 = Release|Any CPU
	EndGlobalSection
	GlobalSection(SolutionProperties) = preSolution
		HideSolutionNode = FALSE
	EndGlobalSection
	GlobalSection(ExtensibilityGlobals) = postSolution
		SolutionGuid = {B737F85E-7B54-49D8-9F2D-9842D29DBB05}
	EndGlobalSection
EndGlobal
