
Microsoft Visual Studio Solution File, Format Version 12.00
# Visual Studio Version 17
VisualStudioVersion = 17.11.35327.3
MinimumVisualStudioVersion = 10.0.40219.1
Project("{2150E333-8FDC-42A3-9474-1A3956D46DE8}") = "기초 구현", "기초 구현", "{DDD8F788-9E92-4F85-87E0-3C1E34338877}"
EndProject
Project("{9A19103F-16F7-4668-BE54-9A1E7A4F7556}") = "DockerHelloWorld", "기초 구현\DockerHelloWorld\DockerHelloWorld.csproj", "{33E28274-8A67-4DF6-B820-15D7379A34F0}"
EndProject
Project("{9A19103F-16F7-4668-BE54-9A1E7A4F7556}") = "DockerDIService", "기초 구현\DockerDIService\DockerDIService.csproj", "{84464AB3-B1B2-4F04-BEA1-46CA5ADDEF93}"
EndProject
Project("{9A19103F-16F7-4668-BE54-9A1E7A4F7556}") = "DockerGrpcServer", "기초 구현\DockerGrpcServer\DockerGrpcServer.csproj", "{3AB3F147-3B7E-4484-9CF0-FEC33C9DC4C8}"
EndProject
Project("{9A19103F-16F7-4668-BE54-9A1E7A4F7556}") = "DockerGrpcClient", "기초 구현\DockerGrpcClient\DockerGrpcClient.csproj", "{2C23661D-B599-4B7C-AFE8-08734A6C1E8F}"
EndProject
Project("{9A19103F-16F7-4668-BE54-9A1E7A4F7556}") = "DockerGrpcServer2_1", "기초 구현\DockerGrpcServer2_1\DockerGrpcServer2_1.csproj", "{EB3BC61F-B5C6-40EF-9793-1804D99B0293}"
EndProject
Project("{9A19103F-16F7-4668-BE54-9A1E7A4F7556}") = "DockerGrpcServer2_2", "기초 구현\DockerGrpcServer2_2\DockerGrpcServer2_2.csproj", "{6126D48F-EA03-46DD-A256-D982FD839D25}"
EndProject
Project("{2150E333-8FDC-42A3-9474-1A3956D46DE8}") = "Docker DB", "Docker DB", "{D754FCD8-849E-4B84-BB90-1D75933D3A2B}"
EndProject
Project("{FAE04EC0-301F-11D3-BF4B-00C04F79EFBC}") = "DockerDBClient", "Docker DB\DockerDBClient\DockerDBClient.csproj", "{8A3E61AD-FAD4-49C6-BC86-2EB1BC9A807B}"
EndProject
Project("{FAE04EC0-301F-11D3-BF4B-00C04F79EFBC}") = "DockerDBServer", "Docker DB\DockerDBServer\DockerDBServer.csproj", "{59881EB8-4F61-4FD2-BE4F-447D00C8401A}"
EndProject
Project("{FAE04EC0-301F-11D3-BF4B-00C04F79EFBC}") = "DockerDB.Domain", "Docker DB\DockerDB.Domain\DockerDB.Domain.csproj", "{F93BEB1E-69FF-4F4A-9C69-95917C168549}"
EndProject
Project("{FAE04EC0-301F-11D3-BF4B-00C04F79EFBC}") = "DockerDB.Application", "Docker DB\DockerDB.Application\DockerDB.Application.csproj", "{AD6078BF-E79E-4FAB-8F6B-86B12F25BE57}"
EndProject
Project("{FAE04EC0-301F-11D3-BF4B-00C04F79EFBC}") = "DockerDB.Infrastructure", "DockerDB.Infrastructure\DockerDB.Infrastructure.csproj", "{E4E1F3F7-ADE4-4267-B36C-75654625E7F1}"
EndProject
Project("{FAE04EC0-301F-11D3-BF4B-00C04F79EFBC}") = "DockerDB.Platform.DB.Postgre", "DockerDB.Platform.DB.Postgre\DockerDB.Platform.DB.Postgre.csproj", "{3DF5A91E-4931-43AE-9913-C2A4DCDCF944}"
EndProject
Global
	GlobalSection(SolutionConfigurationPlatforms) = preSolution
		Debug|Any CPU = Debug|Any CPU
		Release|Any CPU = Release|Any CPU
	EndGlobalSection
	GlobalSection(ProjectConfigurationPlatforms) = postSolution
		{33E28274-8A67-4DF6-B820-15D7379A34F0}.Debug|Any CPU.ActiveCfg = Debug|Any CPU
		{33E28274-8A67-4DF6-B820-15D7379A34F0}.Debug|Any CPU.Build.0 = Debug|Any CPU
		{33E28274-8A67-4DF6-B820-15D7379A34F0}.Release|Any CPU.ActiveCfg = Release|Any CPU
		{33E28274-8A67-4DF6-B820-15D7379A34F0}.Release|Any CPU.Build.0 = Release|Any CPU
		{84464AB3-B1B2-4F04-BEA1-46CA5ADDEF93}.Debug|Any CPU.ActiveCfg = Debug|Any CPU
		{84464AB3-B1B2-4F04-BEA1-46CA5ADDEF93}.Debug|Any CPU.Build.0 = Debug|Any CPU
		{84464AB3-B1B2-4F04-BEA1-46CA5ADDEF93}.Release|Any CPU.ActiveCfg = Release|Any CPU
		{84464AB3-B1B2-4F04-BEA1-46CA5ADDEF93}.Release|Any CPU.Build.0 = Release|Any CPU
		{3AB3F147-3B7E-4484-9CF0-FEC33C9DC4C8}.Debug|Any CPU.ActiveCfg = Debug|Any CPU
		{3AB3F147-3B7E-4484-9CF0-FEC33C9DC4C8}.Debug|Any CPU.Build.0 = Debug|Any CPU
		{3AB3F147-3B7E-4484-9CF0-FEC33C9DC4C8}.Release|Any CPU.ActiveCfg = Release|Any CPU
		{3AB3F147-3B7E-4484-9CF0-FEC33C9DC4C8}.Release|Any CPU.Build.0 = Release|Any CPU
		{2C23661D-B599-4B7C-AFE8-08734A6C1E8F}.Debug|Any CPU.ActiveCfg = Debug|Any CPU
		{2C23661D-B599-4B7C-AFE8-08734A6C1E8F}.Debug|Any CPU.Build.0 = Debug|Any CPU
		{2C23661D-B599-4B7C-AFE8-08734A6C1E8F}.Release|Any CPU.ActiveCfg = Release|Any CPU
		{2C23661D-B599-4B7C-AFE8-08734A6C1E8F}.Release|Any CPU.Build.0 = Release|Any CPU
		{EB3BC61F-B5C6-40EF-9793-1804D99B0293}.Debug|Any CPU.ActiveCfg = Debug|Any CPU
		{EB3BC61F-B5C6-40EF-9793-1804D99B0293}.Debug|Any CPU.Build.0 = Debug|Any CPU
		{EB3BC61F-B5C6-40EF-9793-1804D99B0293}.Release|Any CPU.ActiveCfg = Release|Any CPU
		{EB3BC61F-B5C6-40EF-9793-1804D99B0293}.Release|Any CPU.Build.0 = Release|Any CPU
		{6126D48F-EA03-46DD-A256-D982FD839D25}.Debug|Any CPU.ActiveCfg = Debug|Any CPU
		{6126D48F-EA03-46DD-A256-D982FD839D25}.Debug|Any CPU.Build.0 = Debug|Any CPU
		{6126D48F-EA03-46DD-A256-D982FD839D25}.Release|Any CPU.ActiveCfg = Release|Any CPU
		{6126D48F-EA03-46DD-A256-D982FD839D25}.Release|Any CPU.Build.0 = Release|Any CPU
		{8A3E61AD-FAD4-49C6-BC86-2EB1BC9A807B}.Debug|Any CPU.ActiveCfg = Debug|Any CPU
		{8A3E61AD-FAD4-49C6-BC86-2EB1BC9A807B}.Debug|Any CPU.Build.0 = Debug|Any CPU
		{8A3E61AD-FAD4-49C6-BC86-2EB1BC9A807B}.Release|Any CPU.ActiveCfg = Release|Any CPU
		{8A3E61AD-FAD4-49C6-BC86-2EB1BC9A807B}.Release|Any CPU.Build.0 = Release|Any CPU
		{59881EB8-4F61-4FD2-BE4F-447D00C8401A}.Debug|Any CPU.ActiveCfg = Debug|Any CPU
		{59881EB8-4F61-4FD2-BE4F-447D00C8401A}.Debug|Any CPU.Build.0 = Debug|Any CPU
		{59881EB8-4F61-4FD2-BE4F-447D00C8401A}.Release|Any CPU.ActiveCfg = Release|Any CPU
		{59881EB8-4F61-4FD2-BE4F-447D00C8401A}.Release|Any CPU.Build.0 = Release|Any CPU
		{F93BEB1E-69FF-4F4A-9C69-95917C168549}.Debug|Any CPU.ActiveCfg = Debug|Any CPU
		{F93BEB1E-69FF-4F4A-9C69-95917C168549}.Debug|Any CPU.Build.0 = Debug|Any CPU
		{F93BEB1E-69FF-4F4A-9C69-95917C168549}.Release|Any CPU.ActiveCfg = Release|Any CPU
		{F93BEB1E-69FF-4F4A-9C69-95917C168549}.Release|Any CPU.Build.0 = Release|Any CPU
		{AD6078BF-E79E-4FAB-8F6B-86B12F25BE57}.Debug|Any CPU.ActiveCfg = Debug|Any CPU
		{AD6078BF-E79E-4FAB-8F6B-86B12F25BE57}.Debug|Any CPU.Build.0 = Debug|Any CPU
		{AD6078BF-E79E-4FAB-8F6B-86B12F25BE57}.Release|Any CPU.ActiveCfg = Release|Any CPU
		{AD6078BF-E79E-4FAB-8F6B-86B12F25BE57}.Release|Any CPU.Build.0 = Release|Any CPU
		{E4E1F3F7-ADE4-4267-B36C-75654625E7F1}.Debug|Any CPU.ActiveCfg = Debug|Any CPU
		{E4E1F3F7-ADE4-4267-B36C-75654625E7F1}.Debug|Any CPU.Build.0 = Debug|Any CPU
		{E4E1F3F7-ADE4-4267-B36C-75654625E7F1}.Release|Any CPU.ActiveCfg = Release|Any CPU
		{E4E1F3F7-ADE4-4267-B36C-75654625E7F1}.Release|Any CPU.Build.0 = Release|Any CPU
		{3DF5A91E-4931-43AE-9913-C2A4DCDCF944}.Debug|Any CPU.ActiveCfg = Debug|Any CPU
		{3DF5A91E-4931-43AE-9913-C2A4DCDCF944}.Debug|Any CPU.Build.0 = Debug|Any CPU
		{3DF5A91E-4931-43AE-9913-C2A4DCDCF944}.Release|Any CPU.ActiveCfg = Release|Any CPU
		{3DF5A91E-4931-43AE-9913-C2A4DCDCF944}.Release|Any CPU.Build.0 = Release|Any CPU
	EndGlobalSection
	GlobalSection(SolutionProperties) = preSolution
		HideSolutionNode = FALSE
	EndGlobalSection
	GlobalSection(NestedProjects) = preSolution
		{33E28274-8A67-4DF6-B820-15D7379A34F0} = {DDD8F788-9E92-4F85-87E0-3C1E34338877}
		{84464AB3-B1B2-4F04-BEA1-46CA5ADDEF93} = {DDD8F788-9E92-4F85-87E0-3C1E34338877}
		{3AB3F147-3B7E-4484-9CF0-FEC33C9DC4C8} = {DDD8F788-9E92-4F85-87E0-3C1E34338877}
		{2C23661D-B599-4B7C-AFE8-08734A6C1E8F} = {DDD8F788-9E92-4F85-87E0-3C1E34338877}
		{EB3BC61F-B5C6-40EF-9793-1804D99B0293} = {DDD8F788-9E92-4F85-87E0-3C1E34338877}
		{6126D48F-EA03-46DD-A256-D982FD839D25} = {DDD8F788-9E92-4F85-87E0-3C1E34338877}
		{8A3E61AD-FAD4-49C6-BC86-2EB1BC9A807B} = {D754FCD8-849E-4B84-BB90-1D75933D3A2B}
		{59881EB8-4F61-4FD2-BE4F-447D00C8401A} = {D754FCD8-849E-4B84-BB90-1D75933D3A2B}
		{F93BEB1E-69FF-4F4A-9C69-95917C168549} = {D754FCD8-849E-4B84-BB90-1D75933D3A2B}
		{AD6078BF-E79E-4FAB-8F6B-86B12F25BE57} = {D754FCD8-849E-4B84-BB90-1D75933D3A2B}
		{E4E1F3F7-ADE4-4267-B36C-75654625E7F1} = {D754FCD8-849E-4B84-BB90-1D75933D3A2B}
		{3DF5A91E-4931-43AE-9913-C2A4DCDCF944} = {D754FCD8-849E-4B84-BB90-1D75933D3A2B}
	EndGlobalSection
	GlobalSection(ExtensibilityGlobals) = postSolution
		SolutionGuid = {230EB9B1-1064-4F6B-8013-7207FEA58CE4}
	EndGlobalSection
EndGlobal
