
Microsoft Visual Studio Solution File, Format Version 12.00
# Visual Studio Version 17
VisualStudioVersion = 17.9.34723.18
MinimumVisualStudioVersion = 10.0.40219.1
Project("{FAE04EC0-301F-11D3-BF4B-00C04F79EFBC}") = "JWP.API", "JWP.API\JWP.API.csproj", "{D0EE2B13-053D-4AA1-BA73-B0F4497E9F12}"
EndProject
Global
	GlobalSection(SolutionConfigurationPlatforms) = preSolution
		Debug|Any CPU = Debug|Any CPU
		Release|Any CPU = Release|Any CPU
	EndGlobalSection
	GlobalSection(ProjectConfigurationPlatforms) = postSolution
		{D0EE2B13-053D-4AA1-BA73-B0F4497E9F12}.Debug|Any CPU.ActiveCfg = Debug|Any CPU
		{D0EE2B13-053D-4AA1-BA73-B0F4497E9F12}.Debug|Any CPU.Build.0 = Debug|Any CPU
		{D0EE2B13-053D-4AA1-BA73-B0F4497E9F12}.Release|Any CPU.ActiveCfg = Release|Any CPU
		{D0EE2B13-053D-4AA1-BA73-B0F4497E9F12}.Release|Any CPU.Build.0 = Release|Any CPU
	EndGlobalSection
	GlobalSection(SolutionProperties) = preSolution
		HideSolutionNode = FALSE
	EndGlobalSection
	GlobalSection(ExtensibilityGlobals) = postSolution
		SolutionGuid = {4BAE0FC1-90BD-4861-B99B-D1F59D5735F9}
	EndGlobalSection
EndGlobal
